// !$*UTF8*$!
{
	archiveVersion = 1;
	classes = {
	};
	objectVersion = 50;
	objects = {

/* Begin PBXBuildFile section */
		505EE9B126FD7F5A004F50A7 /* SDPopViewController.swift in Sources */ = {isa = PBXBuildFile; fileRef = 505EE9AF26FD7F5A004F50A7 /* SDPopViewController.swift */; };
		505EE9B226FD7F5A004F50A7 /* SDPopViewController.xib in Resources */ = {isa = PBXBuildFile; fileRef = 505EE9B026FD7F5A004F50A7 /* SDPopViewController.xib */; };
		50BC035C26FC870C0028A3D9 /* main.swift in Sources */ = {isa = PBXBuildFile; fileRef = 50BC035B26FC870C0028A3D9 /* main.swift */; };
		50BC035E26FC87520028A3D9 /* SDStatusBarManager.swift in Sources */ = {isa = PBXBuildFile; fileRef = 50BC035D26FC87510028A3D9 /* SDStatusBarManager.swift */; };
		92575F25229FC5C400A5862C /* AppDelegate.swift in Sources */ = {isa = PBXBuildFile; fileRef = 92575F24229FC5C400A5862C /* AppDelegate.swift */; };
		92575F29229FC5C500A5862C /* Assets.xcassets in Resources */ = {isa = PBXBuildFile; fileRef = 92575F28229FC5C500A5862C /* Assets.xcassets */; };
		92575F38229FC5C500A5862C /* DontSleepTests.swift in Sources */ = {isa = PBXBuildFile; fileRef = 92575F37229FC5C500A5862C /* DontSleepTests.swift */; };
		92575F43229FC5C500A5862C /* DontSleepUITests.swift in Sources */ = {isa = PBXBuildFile; fileRef = 92575F42229FC5C500A5862C /* DontSleepUITests.swift */; };
/* End PBXBuildFile section */

/* Begin PBXContainerItemProxy section */
		92575F34229FC5C500A5862C /* PBXContainerItemProxy */ = {
			isa = PBXContainerItemProxy;
			containerPortal = 92575F19229FC5C400A5862C /* Project object */;
			proxyType = 1;
			remoteGlobalIDString = 92575F20229FC5C400A5862C;
			remoteInfo = DontSleep;
		};
		92575F3F229FC5C500A5862C /* PBXContainerItemProxy */ = {
			isa = PBXContainerItemProxy;
			containerPortal = 92575F19229FC5C400A5862C /* Project object */;
			proxyType = 1;
			remoteGlobalIDString = 92575F20229FC5C400A5862C;
			remoteInfo = DontSleep;
		};
/* End PBXContainerItemProxy section */

/* Begin PBXFileReference section */
		505EE9AF26FD7F5A004F50A7 /* SDPopViewController.swift */ = {isa = PBXFileReference; lastKnownFileType = sourcecode.swift; path = SDPopViewController.swift; sourceTree = "<group>"; };
		505EE9B026FD7F5A004F50A7 /* SDPopViewController.xib */ = {isa = PBXFileReference; lastKnownFileType = file.xib; path = SDPopViewController.xib; sourceTree = "<group>"; };
		50BC035B26FC870C0028A3D9 /* main.swift */ = {isa = PBXFileReference; fileEncoding = 4; lastKnownFileType = sourcecode.swift; path = main.swift; sourceTree = "<group>"; };
		50BC035D26FC87510028A3D9 /* SDStatusBarManager.swift */ = {isa = PBXFileReference; fileEncoding = 4; lastKnownFileType = sourcecode.swift; path = SDStatusBarManager.swift; sourceTree = "<group>"; };
		92575F21229FC5C400A5862C /* DontSleep.app */ = {isa = PBXFileReference; explicitFileType = wrapper.application; includeInIndex = 0; path = DontSleep.app; sourceTree = BUILT_PRODUCTS_DIR; };
		92575F24229FC5C400A5862C /* AppDelegate.swift */ = {isa = PBXFileReference; lastKnownFileType = sourcecode.swift; path = AppDelegate.swift; sourceTree = "<group>"; };
		92575F28229FC5C500A5862C /* Assets.xcassets */ = {isa = PBXFileReference; lastKnownFileType = folder.assetcatalog; path = Assets.xcassets; sourceTree = "<group>"; };
		92575F2D229FC5C500A5862C /* Info.plist */ = {isa = PBXFileReference; lastKnownFileType = text.plist.xml; path = Info.plist; sourceTree = "<group>"; };
		92575F2E229FC5C500A5862C /* DontSleep.entitlements */ = {isa = PBXFileReference; lastKnownFileType = text.plist.entitlements; path = DontSleep.entitlements; sourceTree = "<group>"; };
		92575F33229FC5C500A5862C /* DontSleepTests.xctest */ = {isa = PBXFileReference; explicitFileType = wrapper.cfbundle; includeInIndex = 0; path = DontSleepTests.xctest; sourceTree = BUILT_PRODUCTS_DIR; };
		92575F37229FC5C500A5862C /* DontSleepTests.swift */ = {isa = PBXFileReference; lastKnownFileType = sourcecode.swift; path = DontSleepTests.swift; sourceTree = "<group>"; };
		92575F39229FC5C500A5862C /* Info.plist */ = {isa = PBXFileReference; lastKnownFileType = text.plist.xml; path = Info.plist; sourceTree = "<group>"; };
		92575F3E229FC5C500A5862C /* DontSleepUITests.xctest */ = {isa = PBXFileReference; explicitFileType = wrapper.cfbundle; includeInIndex = 0; path = DontSleepUITests.xctest; sourceTree = BUILT_PRODUCTS_DIR; };
		92575F42229FC5C500A5862C /* DontSleepUITests.swift */ = {isa = PBXFileReference; lastKnownFileType = sourcecode.swift; path = DontSleepUITests.swift; sourceTree = "<group>"; };
		92575F44229FC5C500A5862C /* Info.plist */ = {isa = PBXFileReference; lastKnownFileType = text.plist.xml; path = Info.plist; sourceTree = "<group>"; };
/* End PBXFileReference section */

/* Begin PBXFrameworksBuildPhase section */
		92575F1E229FC5C400A5862C /* Frameworks */ = {
			isa = PBXFrameworksBuildPhase;
			buildActionMask = 2147483647;
			files = (
			);
			runOnlyForDeploymentPostprocessing = 0;
		};
		92575F30229FC5C500A5862C /* Frameworks */ = {
			isa = PBXFrameworksBuildPhase;
			buildActionMask = 2147483647;
			files = (
			);
			runOnlyForDeploymentPostprocessing = 0;
		};
		92575F3B229FC5C500A5862C /* Frameworks */ = {
			isa = PBXFrameworksBuildPhase;
			buildActionMask = 2147483647;
			files = (
			);
			runOnlyForDeploymentPostprocessing = 0;
		};
/* End PBXFrameworksBuildPhase section */

/* Begin PBXGroup section */
		92575F18229FC5C400A5862C = {
			isa = PBXGroup;
			children = (
				92575F23229FC5C400A5862C /* DontSleep */,
				92575F36229FC5C500A5862C /* DontSleepTests */,
				92575F41229FC5C500A5862C /* DontSleepUITests */,
				92575F22229FC5C400A5862C /* Products */,
			);
			sourceTree = "<group>";
		};
		92575F22229FC5C400A5862C /* Products */ = {
			isa = PBXGroup;
			children = (
				92575F21229FC5C400A5862C /* DontSleep.app */,
				92575F33229FC5C500A5862C /* DontSleepTests.xctest */,
				92575F3E229FC5C500A5862C /* DontSleepUITests.xctest */,
			);
			name = Products;
			sourceTree = "<group>";
		};
		92575F23229FC5C400A5862C /* DontSleep */ = {
			isa = PBXGroup;
			children = (
				50BC035B26FC870C0028A3D9 /* main.swift */,
				92575F24229FC5C400A5862C /* AppDelegate.swift */,
				50BC035D26FC87510028A3D9 /* SDStatusBarManager.swift */,
				505EE9AF26FD7F5A004F50A7 /* SDPopViewController.swift */,
				505EE9B026FD7F5A004F50A7 /* SDPopViewController.xib */,
				92575F28229FC5C500A5862C /* Assets.xcassets */,
				92575F2D229FC5C500A5862C /* Info.plist */,
				92575F2E229FC5C500A5862C /* DontSleep.entitlements */,
			);
			path = DontSleep;
			sourceTree = "<group>";
		};
		92575F36229FC5C500A5862C /* DontSleepTests */ = {
			isa = PBXGroup;
			children = (
				92575F37229FC5C500A5862C /* DontSleepTests.swift */,
				92575F39229FC5C500A5862C /* Info.plist */,
			);
			path = DontSleepTests;
			sourceTree = "<group>";
		};
		92575F41229FC5C500A5862C /* DontSleepUITests */ = {
			isa = PBXGroup;
			children = (
				92575F42229FC5C500A5862C /* DontSleepUITests.swift */,
				92575F44229FC5C500A5862C /* Info.plist */,
			);
			path = DontSleepUITests;
			sourceTree = "<group>";
		};
/* End PBXGroup section */

/* Begin PBXNativeTarget section */
		92575F20229FC5C400A5862C /* DontSleep */ = {
			isa = PBXNativeTarget;
			buildConfigurationList = 92575F47229FC5C500A5862C /* Build configuration list for PBXNativeTarget "DontSleep" */;
			buildPhases = (
				92575F1D229FC5C400A5862C /* Sources */,
				92575F1E229FC5C400A5862C /* Frameworks */,
				92575F1F229FC5C400A5862C /* Resources */,
			);
			buildRules = (
			);
			dependencies = (
			);
			name = DontSleep;
			productName = DontSleep;
			productReference = 92575F21229FC5C400A5862C /* DontSleep.app */;
			productType = "com.apple.product-type.application";
		};
		92575F32229FC5C500A5862C /* DontSleepTests */ = {
			isa = PBXNativeTarget;
			buildConfigurationList = 92575F4A229FC5C500A5862C /* Build configuration list for PBXNativeTarget "DontSleepTests" */;
			buildPhases = (
				92575F2F229FC5C500A5862C /* Sources */,
				92575F30229FC5C500A5862C /* Frameworks */,
				92575F31229FC5C500A5862C /* Resources */,
			);
			buildRules = (
			);
			dependencies = (
				92575F35229FC5C500A5862C /* PBXTargetDependency */,
			);
			name = DontSleepTests;
			productName = DontSleepTests;
			productReference = 92575F33229FC5C500A5862C /* DontSleepTests.xctest */;
			productType = "com.apple.product-type.bundle.unit-test";
		};
		92575F3D229FC5C500A5862C /* DontSleepUITests */ = {
			isa = PBXNativeTarget;
			buildConfigurationList = 92575F4D229FC5C500A5862C /* Build configuration list for PBXNativeTarget "DontSleepUITests" */;
			buildPhases = (
				92575F3A229FC5C500A5862C /* Sources */,
				92575F3B229FC5C500A5862C /* Frameworks */,
				92575F3C229FC5C500A5862C /* Resources */,
			);
			buildRules = (
			);
			dependencies = (
				92575F40229FC5C500A5862C /* PBXTargetDependency */,
			);
			name = DontSleepUITests;
			productName = DontSleepUITests;
			productReference = 92575F3E229FC5C500A5862C /* DontSleepUITests.xctest */;
			productType = "com.apple.product-type.bundle.ui-testing";
		};
/* End PBXNativeTarget section */

/* Begin PBXProject section */
		92575F19229FC5C400A5862C /* Project object */ = {
			isa = PBXProject;
			attributes = {
				LastSwiftUpdateCheck = 1020;
				LastUpgradeCheck = 1020;
				ORGANIZATIONNAME = DengFeng.Su;
				TargetAttributes = {
					92575F20229FC5C400A5862C = {
						CreatedOnToolsVersion = 10.2;
					};
					92575F32229FC5C500A5862C = {
						CreatedOnToolsVersion = 10.2;
						TestTargetID = 92575F20229FC5C400A5862C;
					};
					92575F3D229FC5C500A5862C = {
						CreatedOnToolsVersion = 10.2;
						TestTargetID = 92575F20229FC5C400A5862C;
					};
				};
			};
			buildConfigurationList = 92575F1C229FC5C400A5862C /* Build configuration list for PBXProject "DontSleep" */;
			compatibilityVersion = "Xcode 9.3";
			developmentRegion = en;
			hasScannedForEncodings = 0;
			knownRegions = (
				en,
				Base,
			);
			mainGroup = 92575F18229FC5C400A5862C;
			productRefGroup = 92575F22229FC5C400A5862C /* Products */;
			projectDirPath = "";
			projectRoot = "";
			targets = (
				92575F20229FC5C400A5862C /* DontSleep */,
				92575F32229FC5C500A5862C /* DontSleepTests */,
				92575F3D229FC5C500A5862C /* DontSleepUITests */,
			);
		};
/* End PBXProject section */

/* Begin PBXResourcesBuildPhase section */
		92575F1F229FC5C400A5862C /* Resources */ = {
			isa = PBXResourcesBuildPhase;
			buildActionMask = 2147483647;
			files = (
				92575F29229FC5C500A5862C /* Assets.xcassets in Resources */,
				505EE9B226FD7F5A004F50A7 /* SDPopViewController.xib in Resources */,
			);
			runOnlyForDeploymentPostprocessing = 0;
		};
		92575F31229FC5C500A5862C /* Resources */ = {
			isa = PBXResourcesBuildPhase;
			buildActionMask = 2147483647;
			files = (
			);
			runOnlyForDeploymentPostprocessing = 0;
		};
		92575F3C229FC5C500A5862C /* Resources */ = {
			isa = PBXResourcesBuildPhase;
			buildActionMask = 2147483647;
			files = (
			);
			runOnlyForDeploymentPostprocessing = 0;
		};
/* End PBXResourcesBuildPhase section */

/* Begin PBXSourcesBuildPhase section */
		92575F1D229FC5C400A5862C /* Sources */ = {
			isa = PBXSourcesBuildPhase;
			buildActionMask = 2147483647;
			files = (
				92575F25229FC5C400A5862C /* AppDelegate.swift in Sources */,
				505EE9B126FD7F5A004F50A7 /* SDPopViewController.swift in Sources */,
				50BC035C26FC870C0028A3D9 /* main.swift in Sources */,
				50BC035E26FC87520028A3D9 /* SDStatusBarManager.swift in Sources */,
			);
			runOnlyForDeploymentPostprocessing = 0;
		};
		92575F2F229FC5C500A5862C /* Sources */ = {
			isa = PBXSourcesBuildPhase;
			buildActionMask = 2147483647;
			files = (
				92575F38229FC5C500A5862C /* DontSleepTests.swift in Sources */,
			);
			runOnlyForDeploymentPostprocessing = 0;
		};
		92575F3A229FC5C500A5862C /* Sources */ = {
			isa = PBXSourcesBuildPhase;
			buildActionMask = 2147483647;
			files = (
				92575F43229FC5C500A5862C /* DontSleepUITests.swift in Sources */,
			);
			runOnlyForDeploymentPostprocessing = 0;
		};
/* End PBXSourcesBuildPhase section */

/* Begin PBXTargetDependency section */
		92575F35229FC5C500A5862C /* PBXTargetDependency */ = {
			isa = PBXTargetDependency;
			target = 92575F20229FC5C400A5862C /* DontSleep */;
			targetProxy = 92575F34229FC5C500A5862C /* PBXContainerItemProxy */;
		};
		92575F40229FC5C500A5862C /* PBXTargetDependency */ = {
			isa = PBXTargetDependency;
			target = 92575F20229FC5C400A5862C /* DontSleep */;
			targetProxy = 92575F3F229FC5C500A5862C /* PBXContainerItemProxy */;
		};
/* End PBXTargetDependency section */

/* Begin XCBuildConfiguration section */
		92575F45229FC5C500A5862C /* Debug */ = {
			isa = XCBuildConfiguration;
			buildSettings = {
				ALWAYS_SEARCH_USER_PATHS = NO;
				CLANG_ANALYZER_NONNULL = YES;
				CLANG_ANALYZER_NUMBER_OBJECT_CONVERSION = YES_AGGRESSIVE;
				CLANG_CXX_LANGUAGE_STANDARD = "gnu++14";
				CLANG_CXX_LIBRARY = "libc++";
				CLANG_ENABLE_MODULES = YES;
				CLANG_ENABLE_OBJC_ARC = YES;
				CLANG_ENABLE_OBJC_WEAK = YES;
				CLANG_WARN_BLOCK_CAPTURE_AUTORELEASING = YES;
				CLANG_WARN_BOOL_CONVERSION = YES;
				CLANG_WARN_COMMA = YES;
				CLANG_WARN_CONSTANT_CONVERSION = YES;
				CLANG_WARN_DEPRECATED_OBJC_IMPLEMENTATIONS = YES;
				CLANG_WARN_DIRECT_OBJC_ISA_USAGE = YES_ERROR;
				CLANG_WARN_DOCUMENTATION_COMMENTS = YES;
				CLANG_WARN_EMPTY_BODY = YES;
				CLANG_WARN_ENUM_CONVERSION = YES;
				CLANG_WARN_INFINITE_RECURSION = YES;
				CLANG_WARN_INT_CONVERSION = YES;
				CLANG_WARN_NON_LITERAL_NULL_CONVERSION = YES;
				CLANG_WARN_OBJC_IMPLICIT_RETAIN_SELF = YES;
				CLANG_WARN_OBJC_LITERAL_CONVERSION = YES;
				CLANG_WARN_OBJC_ROOT_CLASS = YES_ERROR;
				CLANG_WARN_RANGE_LOOP_ANALYSIS = YES;
				CLANG_WARN_STRICT_PROTOTYPES = YES;
				CLANG_WARN_SUSPICIOUS_MOVE = YES;
				CLANG_WARN_UNGUARDED_AVAILABILITY = YES_AGGRESSIVE;
				CLANG_WARN_UNREACHABLE_CODE = YES;
				CLANG_WARN__DUPLICATE_METHOD_MATCH = YES;
				CODE_SIGN_IDENTITY = "Mac Developer";
				COPY_PHASE_STRIP = NO;
				DEBUG_INFORMATION_FORMAT = dwarf;
				ENABLE_STRICT_OBJC_MSGSEND = YES;
				ENABLE_TESTABILITY = YES;
				GCC_C_LANGUAGE_STANDARD = gnu11;
				GCC_DYNAMIC_NO_PIC = NO;
				GCC_NO_COMMON_BLOCKS = YES;
				GCC_OPTIMIZATION_LEVEL = 0;
				GCC_PREPROCESSOR_DEFINITIONS = (
					"DEBUG=1",
					"$(inherited)",
				);
				GCC_WARN_64_TO_32_BIT_CONVERSION = YES;
				GCC_WARN_ABOUT_RETURN_TYPE = YES_ERROR;
				GCC_WARN_UNDECLARED_SELECTOR = YES;
				GCC_WARN_UNINITIALIZED_AUTOS = YES_AGGRESSIVE;
				GCC_WARN_UNUSED_FUNCTION = YES;
				GCC_WARN_UNUSED_VARIABLE = YES;
				MACOSX_DEPLOYMENT_TARGET = 10.14;
				MTL_ENABLE_DEBUG_INFO = INCLUDE_SOURCE;
				MTL_FAST_MATH = YES;
				ONLY_ACTIVE_ARCH = YES;
				SDKROOT = macosx;
				SWIFT_ACTIVE_COMPILATION_CONDITIONS = DEBUG;
				SWIFT_OPTIMIZATION_LEVEL = "-Onone";
			};
			name = Debug;
		};
		92575F46229FC5C500A5862C /* Release */ = {
			isa = XCBuildConfiguration;
			buildSettings = {
				ALWAYS_SEARCH_USER_PATHS = NO;
				CLANG_ANALYZER_NONNULL = YES;
				CLANG_ANALYZER_NUMBER_OBJECT_CONVERSION = YES_AGGRESSIVE;
				CLANG_CXX_LANGUAGE_STANDARD = "gnu++14";
				CLANG_CXX_LIBRARY = "libc++";
				CLANG_ENABLE_MODULES = YES;
				CLANG_ENABLE_OBJC_ARC = YES;
				CLANG_ENABLE_OBJC_WEAK = YES;
				CLANG_WARN_BLOCK_CAPTURE_AUTORELEASING = YES;
				CLANG_WARN_BOOL_CONVERSION = YES;
				CLANG_WARN_COMMA = YES;
				CLANG_WARN_CONSTANT_CONVERSION = YES;
				CLANG_WARN_DEPRECATED_OBJC_IMPLEMENTATIONS = YES;
				CLANG_WARN_DIRECT_OBJC_ISA_USAGE = YES_ERROR;
				CLANG_WARN_DOCUMENTATION_COMMENTS = YES;
				CLANG_WARN_EMPTY_BODY = YES;
				CLANG_WARN_ENUM_CONVERSION = YES;
				CLANG_WARN_INFINITE_RECURSION = YES;
				CLANG_WARN_INT_CONVERSION = YES;
				CLANG_WARN_NON_LITERAL_NULL_CONVERSION = YES;
				CLANG_WARN_OBJC_IMPLICIT_RETAIN_SELF = YES;
				CLANG_WARN_OBJC_LITERAL_CONVERSION = YES;
				CLANG_WARN_OBJC_ROOT_CLASS = YES_ERROR;
				CLANG_WARN_RANGE_LOOP_ANALYSIS = YES;
				CLANG_WARN_STRICT_PROTOTYPES = YES;
				CLANG_WARN_SUSPICIOUS_MOVE = YES;
				CLANG_WARN_UNGUARDED_AVAILABILITY = YES_AGGRESSIVE;
				CLANG_WARN_UNREACHABLE_CODE = YES;
				CLANG_WARN__DUPLICATE_METHOD_MATCH = YES;
				CODE_SIGN_IDENTITY = "Mac Developer";
				COPY_PHASE_STRIP = NO;
				DEBUG_INFORMATION_FORMAT = "dwarf-with-dsym";
				ENABLE_NS_ASSERTIONS = NO;
				ENABLE_STRICT_OBJC_MSGSEND = YES;
				GCC_C_LANGUAGE_STANDARD = gnu11;
				GCC_NO_COMMON_BLOCKS = YES;
				GCC_WARN_64_TO_32_BIT_CONVERSION = YES;
				GCC_WARN_ABOUT_RETURN_TYPE = YES_ERROR;
				GCC_WARN_UNDECLARED_SELECTOR = YES;
				GCC_WARN_UNINITIALIZED_AUTOS = YES_AGGRESSIVE;
				GCC_WARN_UNUSED_FUNCTION = YES;
				GCC_WARN_UNUSED_VARIABLE = YES;
				MACOSX_DEPLOYMENT_TARGET = 10.14;
				MTL_ENABLE_DEBUG_INFO = NO;
				MTL_FAST_MATH = YES;
				SDKROOT = macosx;
				SWIFT_COMPILATION_MODE = wholemodule;
				SWIFT_OPTIMIZATION_LEVEL = "-O";
			};
			name = Release;
		};
		92575F48229FC5C500A5862C /* Debug */ = {
			isa = XCBuildConfiguration;
			buildSettings = {
				ASSETCATALOG_COMPILER_APPICON_NAME = AppIcon;
				CODE_SIGN_ENTITLEMENTS = DontSleep/DontSleep.entitlements;
				CODE_SIGN_STYLE = Automatic;
				COMBINE_HIDPI_IMAGES = YES;
				DEVELOPMENT_TEAM = PZYD6XBB8W;
				INFOPLIST_FILE = DontSleep/Info.plist;
				LD_RUNPATH_SEARCH_PATHS = (
					"$(inherited)",
					"@executable_path/../Frameworks",
				);
				PRODUCT_BUNDLE_IDENTIFIER = SD.DontSleep;
				PRODUCT_NAME = "$(TARGET_NAME)";
				SWIFT_VERSION = 5.0;
			};
			name = Debug;
		};
		92575F49229FC5C500A5862C /* Release */ = {
			isa = XCBuildConfiguration;
			buildSettings = {
				ASSETCATALOG_COMPILER_APPICON_NAME = AppIcon;
				CODE_SIGN_ENTITLEMENTS = DontSleep/DontSleep.entitlements;
				CODE_SIGN_STYLE = Automatic;
				COMBINE_HIDPI_IMAGES = YES;
				DEVELOPMENT_TEAM = PZYD6XBB8W;
				INFOPLIST_FILE = DontSleep/Info.plist;
				LD_RUNPATH_SEARCH_PATHS = (
					"$(inherited)",
					"@executable_path/../Frameworks",
				);
				PRODUCT_BUNDLE_IDENTIFIER = SD.DontSleep;
				PRODUCT_NAME = "$(TARGET_NAME)";
				SWIFT_VERSION = 5.0;
			};
			name = Release;
		};
		92575F4B229FC5C500A5862C /* Debug */ = {
			isa = XCBuildConfiguration;
			buildSettings = {
				ALWAYS_EMBED_SWIFT_STANDARD_LIBRARIES = YES;
				BUNDLE_LOADER = "$(TEST_HOST)";
				CODE_SIGN_STYLE = Automatic;
				COMBINE_HIDPI_IMAGES = YES;
				DEVELOPMENT_TEAM = PZYD6XBB8W;
				INFOPLIST_FILE = DontSleepTests/Info.plist;
				LD_RUNPATH_SEARCH_PATHS = (
					"$(inherited)",
					"@executable_path/../Frameworks",
					"@loader_path/../Frameworks",
				);
				PRODUCT_BUNDLE_IDENTIFIER = SD.DontSleepTests;
				PRODUCT_NAME = "$(TARGET_NAME)";
				SWIFT_VERSION = 5.0;
				TEST_HOST = "$(BUILT_PRODUCTS_DIR)/DontSleep.app/Contents/MacOS/DontSleep";
			};
			name = Debug;
		};
		92575F4C229FC5C500A5862C /* Release */ = {
			isa = XCBuildConfiguration;
			buildSettings = {
				ALWAYS_EMBED_SWIFT_STANDARD_LIBRARIES = YES;
				BUNDLE_LOADER = "$(TEST_HOST)";
				CODE_SIGN_STYLE = Automatic;
				COMBINE_HIDPI_IMAGES = YES;
				DEVELOPMENT_TEAM = PZYD6XBB8W;
				INFOPLIST_FILE = DontSleepTests/Info.plist;
				LD_RUNPATH_SEARCH_PATHS = (
					"$(inherited)",
					"@executable_path/../Frameworks",
					"@loader_path/../Frameworks",
				);
				PRODUCT_BUNDLE_IDENTIFIER = SD.DontSleepTests;
				PRODUCT_NAME = "$(TARGET_NAME)";
				SWIFT_VERSION = 5.0;
				TEST_HOST = "$(BUILT_PRODUCTS_DIR)/DontSleep.app/Contents/MacOS/DontSleep";
			};
			name = Release;
		};
		92575F4E229FC5C500A5862C /* Debug */ = {
			isa = XCBuildConfiguration;
			buildSettings = {
				ALWAYS_EMBED_SWIFT_STANDARD_LIBRARIES = YES;
				CODE_SIGN_STYLE = Automatic;
				COMBINE_HIDPI_IMAGES = YES;
				DEVELOPMENT_TEAM = PZYD6XBB8W;
				INFOPLIST_FILE = DontSleepUITests/Info.plist;
				LD_RUNPATH_SEARCH_PATHS = (
					"$(inherited)",
					"@executable_path/../Frameworks",
					"@loader_path/../Frameworks",
				);
				PRODUCT_BUNDLE_IDENTIFIER = SD.DontSleepUITests;
				PRODUCT_NAME = "$(TARGET_NAME)";
				SWIFT_VERSION = 5.0;
				TEST_TARGET_NAME = DontSleep;
			};
			name = Debug;
		};
		92575F4F229FC5C500A5862C /* Release */ = {
			isa = XCBuildConfiguration;
			buildSettings = {
				ALWAYS_EMBED_SWIFT_STANDARD_LIBRARIES = YES;
				CODE_SIGN_STYLE = Automatic;
				COMBINE_HIDPI_IMAGES = YES;
				DEVELOPMENT_TEAM = PZYD6XBB8W;
				INFOPLIST_FILE = DontSleepUITests/Info.plist;
				LD_RUNPATH_SEARCH_PATHS = (
					"$(inherited)",
					"@executable_path/../Frameworks",
					"@loader_path/../Frameworks",
				);
				PRODUCT_BUNDLE_IDENTIFIER = SD.DontSleepUITests;
				PRODUCT_NAME = "$(TARGET_NAME)";
				SWIFT_VERSION = 5.0;
				TEST_TARGET_NAME = DontSleep;
			};
			name = Release;
		};
/* End XCBuildConfiguration section */

/* Begin XCConfigurationList section */
		92575F1C229FC5C400A5862C /* Build configuration list for PBXProject "DontSleep" */ = {
			isa = XCConfigurationList;
			buildConfigurations = (
				92575F45229FC5C500A5862C /* Debug */,
				92575F46229FC5C500A5862C /* Release */,
			);
			defaultConfigurationIsVisible = 0;
			defaultConfigurationName = Release;
		};
		92575F47229FC5C500A5862C /* Build configuration list for PBXNativeTarget "DontSleep" */ = {
			isa = XCConfigurationList;
			buildConfigurations = (
				92575F48229FC5C500A5862C /* Debug */,
				92575F49229FC5C500A5862C /* Release */,
			);
			defaultConfigurationIsVisible = 0;
			defaultConfigurationName = Release;
		};
		92575F4A229FC5C500A5862C /* Build configuration list for PBXNativeTarget "DontSleepTests" */ = {
			isa = XCConfigurationList;
			buildConfigurations = (
				92575F4B229FC5C500A5862C /* Debug */,
				92575F4C229FC5C500A5862C /* Release */,
			);
			defaultConfigurationIsVisible = 0;
			defaultConfigurationName = Release;
		};
		92575F4D229FC5C500A5862C /* Build configuration list for PBXNativeTarget "DontSleepUITests" */ = {
			isa = XCConfigurationList;
			buildConfigurations = (
				92575F4E229FC5C500A5862C /* Debug */,
				92575F4F229FC5C500A5862C /* Release */,
			);
			defaultConfigurationIsVisible = 0;
			defaultConfigurationName = Release;
		};
/* End XCConfigurationList section */
	};
	rootObject = 92575F19229FC5C400A5862C /* Project object */;
}
